// !$*UTF8*$!
{
	archiveVersion = 1;
	classes = {
	};
	objectVersion = 46;
	objects = {

/* Begin PBXBuildFile section */
		68015A381CBD063E0033AC41 /* AppDelegate.swift in Sources */ = {isa = PBXBuildFile; fileRef = 68015A371CBD063E0033AC41 /* AppDelegate.swift */; };
		68015A3A1CBD063E0033AC41 /* ViewController.swift in Sources */ = {isa = PBXBuildFile; fileRef = 68015A391CBD063E0033AC41 /* ViewController.swift */; };
		68015A3D1CBD063E0033AC41 /* Main.storyboard in Resources */ = {isa = PBXBuildFile; fileRef = 68015A3B1CBD063E0033AC41 /* Main.storyboard */; };
		68015A3F1CBD063E0033AC41 /* Assets.xcassets in Resources */ = {isa = PBXBuildFile; fileRef = 68015A3E1CBD063E0033AC41 /* Assets.xcassets */; };
		68015A421CBD063E0033AC41 /* LaunchScreen.storyboard in Resources */ = {isa = PBXBuildFile; fileRef = 68015A401CBD063E0033AC41 /* LaunchScreen.storyboard */; };
		68015A4D1CBD063F0033AC41 /* testingTests.swift in Sources */ = {isa = PBXBuildFile; fileRef = 68015A4C1CBD063F0033AC41 /* testingTests.swift */; };
		68015A581CBD063F0033AC41 /* testingUITests.swift in Sources */ = {isa = PBXBuildFile; fileRef = 68015A571CBD063F0033AC41 /* testingUITests.swift */; };
/* End PBXBuildFile section */

/* Begin PBXContainerItemProxy section */
		68015A491CBD063F0033AC41 /* PBXContainerItemProxy */ = {
			isa = PBXContainerItemProxy;
			containerPortal = 68015A2C1CBD063E0033AC41 /* Project object */;
			proxyType = 1;
			remoteGlobalIDString = 68015A331CBD063E0033AC41;
			remoteInfo = testing;
		};
		68015A541CBD063F0033AC41 /* PBXContainerItemProxy */ = {
			isa = PBXContainerItemProxy;
			containerPortal = 68015A2C1CBD063E0033AC41 /* Project object */;
			proxyType = 1;
			remoteGlobalIDString = 68015A331CBD063E0033AC41;
			remoteInfo = testing;
		};
/* End PBXContainerItemProxy section */

/* Begin PBXFileReference section */
		68015A341CBD063E0033AC41 /* testing.app */ = {isa = PBXFileReference; explicitFileType = wrapper.application; includeInIndex = 0; path = testing.app; sourceTree = BUILT_PRODUCTS_DIR; };
		68015A371CBD063E0033AC41 /* AppDelegate.swift */ = {isa = PBXFileReference; lastKnownFileType = sourcecode.swift; path = AppDelegate.swift; sourceTree = "<group>"; };
		68015A391CBD063E0033AC41 /* ViewController.swift */ = {isa = PBXFileReference; lastKnownFileType = sourcecode.swift; path = ViewController.swift; sourceTree = "<group>"; };
		68015A3C1CBD063E0033AC41 /* Base */ = {isa = PBXFileReference; lastKnownFileType = file.storyboard; name = Base; path = Base.lproj/Main.storyboard; sourceTree = "<group>"; };
		68015A3E1CBD063E0033AC41 /* Assets.xcassets */ = {isa = PBXFileReference; lastKnownFileType = folder.assetcatalog; path = Assets.xcassets; sourceTree = "<group>"; };
		68015A411CBD063E0033AC41 /* Base */ = {isa = PBXFileReference; lastKnownFileType = file.storyboard; name = Base; path = Base.lproj/LaunchScreen.storyboard; sourceTree = "<group>"; };
		68015A431CBD063E0033AC41 /* Info.plist */ = {isa = PBXFileReference; lastKnownFileType = text.plist.xml; path = Info.plist; sourceTree = "<group>"; };
		68015A481CBD063F0033AC41 /* testingTests.xctest */ = {isa = PBXFileReference; explicitFileType = wrapper.cfbundle; includeInIndex = 0; path = testingTests.xctest; sourceTree = BUILT_PRODUCTS_DIR; };
		68015A4C1CBD063F0033AC41 /* testingTests.swift */ = {isa = PBXFileReference; lastKnownFileType = sourcecode.swift; path = testingTests.swift; sourceTree = "<group>"; };
		68015A4E1CBD063F0033AC41 /* Info.plist */ = {isa = PBXFileReference; lastKnownFileType = text.plist.xml; path = Info.plist; sourceTree = "<group>"; };
		68015A531CBD063F0033AC41 /* testingUITests.xctest */ = {isa = PBXFileReference; explicitFileType = wrapper.cfbundle; includeInIndex = 0; path = testingUITests.xctest; sourceTree = BUILT_PRODUCTS_DIR; };
		68015A571CBD063F0033AC41 /* testingUITests.swift */ = {isa = PBXFileReference; lastKnownFileType = sourcecode.swift; path = testingUITests.swift; sourceTree = "<group>"; };
		68015A591CBD063F0033AC41 /* Info.plist */ = {isa = PBXFileReference; lastKnownFileType = text.plist.xml; path = Info.plist; sourceTree = "<group>"; };
/* End PBXFileReference section */

/* Begin PBXFrameworksBuildPhase section */
		68015A311CBD063E0033AC41 /* Frameworks */ = {
			isa = PBXFrameworksBuildPhase;
			buildActionMask = 2147483647;
			files = (
			);
			runOnlyForDeploymentPostprocessing = 0;
		};
		68015A451CBD063F0033AC41 /* Frameworks */ = {
			isa = PBXFrameworksBuildPhase;
			buildActionMask = 2147483647;
			files = (
			);
			runOnlyForDeploymentPostprocessing = 0;
		};
		68015A501CBD063F0033AC41 /* Frameworks */ = {
			isa = PBXFrameworksBuildPhase;
			buildActionMask = 2147483647;
			files = (
			);
			runOnlyForDeploymentPostprocessing = 0;
		};
/* End PBXFrameworksBuildPhase section */

/* Begin PBXGroup section */
		68015A2B1CBD063E0033AC41 = {
			isa = PBXGroup;
			children = (
				68015A361CBD063E0033AC41 /* testing */,
				68015A4B1CBD063F0033AC41 /* testingTests */,
				68015A561CBD063F0033AC41 /* testingUITests */,
				68015A351CBD063E0033AC41 /* Products */,
			);
			sourceTree = "<group>";
		};
		68015A351CBD063E0033AC41 /* Products */ = {
			isa = PBXGroup;
			children = (
				68015A341CBD063E0033AC41 /* testing.app */,
				68015A481CBD063F0033AC41 /* testingTests.xctest */,
				68015A531CBD063F0033AC41 /* testingUITests.xctest */,
			);
			name = Products;
			sourceTree = "<group>";
		};
		68015A361CBD063E0033AC41 /* testing */ = {
			isa = PBXGroup;
			children = (
				68015A371CBD063E0033AC41 /* AppDelegate.swift */,
				68015A391CBD063E0033AC41 /* ViewController.swift */,
				68015A3B1CBD063E0033AC41 /* Main.storyboard */,
				68015A3E1CBD063E0033AC41 /* Assets.xcassets */,
				68015A401CBD063E0033AC41 /* LaunchScreen.storyboard */,
				68015A431CBD063E0033AC41 /* Info.plist */,
			);
			path = testing;
			sourceTree = "<group>";
		};
		68015A4B1CBD063F0033AC41 /* testingTests */ = {
			isa = PBXGroup;
			children = (
				68015A4C1CBD063F0033AC41 /* testingTests.swift */,
				68015A4E1CBD063F0033AC41 /* Info.plist */,
			);
			path = testingTests;
			sourceTree = "<group>";
		};
		68015A561CBD063F0033AC41 /* testingUITests */ = {
			isa = PBXGroup;
			children = (
				68015A571CBD063F0033AC41 /* testingUITests.swift */,
				68015A591CBD063F0033AC41 /* Info.plist */,
			);
			path = testingUITests;
			sourceTree = "<group>";
		};
/* End PBXGroup section */

/* Begin PBXNativeTarget section */
		68015A331CBD063E0033AC41 /* testing */ = {
			isa = PBXNativeTarget;
			buildConfigurationList = 68015A5C1CBD063F0033AC41 /* Build configuration list for PBXNativeTarget "testing" */;
			buildPhases = (
				68015A301CBD063E0033AC41 /* Sources */,
				68015A311CBD063E0033AC41 /* Frameworks */,
				68015A321CBD063E0033AC41 /* Resources */,
			);
			buildRules = (
			);
			dependencies = (
			);
			name = testing;
			productName = testing;
			productReference = 68015A341CBD063E0033AC41 /* testing.app */;
			productType = "com.apple.product-type.application";
		};
		68015A471CBD063F0033AC41 /* testingTests */ = {
			isa = PBXNativeTarget;
			buildConfigurationList = 68015A5F1CBD063F0033AC41 /* Build configuration list for PBXNativeTarget "testingTests" */;
			buildPhases = (
				68015A441CBD063F0033AC41 /* Sources */,
				68015A451CBD063F0033AC41 /* Frameworks */,
				68015A461CBD063F0033AC41 /* Resources */,
			);
			buildRules = (
			);
			dependencies = (
				68015A4A1CBD063F0033AC41 /* PBXTargetDependency */,
			);
			name = testingTests;
			productName = testingTests;
			productReference = 68015A481CBD063F0033AC41 /* testingTests.xctest */;
			productType = "com.apple.product-type.bundle.unit-test";
		};
		68015A521CBD063F0033AC41 /* testingUITests */ = {
			isa = PBXNativeTarget;
			buildConfigurationList = 68015A621CBD063F0033AC41 /* Build configuration list for PBXNativeTarget "testingUITests" */;
			buildPhases = (
				68015A4F1CBD063F0033AC41 /* Sources */,
				68015A501CBD063F0033AC41 /* Frameworks */,
				68015A511CBD063F0033AC41 /* Resources */,
			);
			buildRules = (
			);
			dependencies = (
				68015A551CBD063F0033AC41 /* PBXTargetDependency */,
			);
			name = testingUITests;
			productName = testingUITests;
			productReference = 68015A531CBD063F0033AC41 /* testingUITests.xctest */;
			productType = "com.apple.product-type.bundle.ui-testing";
		};
/* End PBXNativeTarget section */

/* Begin PBXProject section */
		68015A2C1CBD063E0033AC41 /* Project object */ = {
			isa = PBXProject;
			attributes = {
				LastUpgradeCheck = 0700;
				ORGANIZATIONNAME = blissgit;
				TargetAttributes = {
					68015A331CBD063E0033AC41 = {
						CreatedOnToolsVersion = 7.0.1;
					};
					68015A471CBD063F0033AC41 = {
						CreatedOnToolsVersion = 7.0.1;
						TestTargetID = 68015A331CBD063E0033AC41;
					};
					68015A521CBD063F0033AC41 = {
						CreatedOnToolsVersion = 7.0.1;
						TestTargetID = 68015A331CBD063E0033AC41;
					};
				};
			};
			buildConfigurationList = 68015A2F1CBD063E0033AC41 /* Build configuration list for PBXProject "testing" */;
			compatibilityVersion = "Xcode 3.2";
			developmentRegion = English;
			hasScannedForEncodings = 0;
			knownRegions = (
				en,
				Base,
			);
			mainGroup = 68015A2B1CBD063E0033AC41;
			productRefGroup = 68015A351CBD063E0033AC41 /* Products */;
			projectDirPath = "";
			projectRoot = "";
			targets = (
				68015A331CBD063E0033AC41 /* testing */,
				68015A471CBD063F0033AC41 /* testingTests */,
				68015A521CBD063F0033AC41 /* testingUITests */,
			);
		};
/* End PBXProject section */

/* Begin PBXResourcesBuildPhase section */
		68015A321CBD063E0033AC41 /* Resources */ = {
			isa = PBXResourcesBuildPhase;
			buildActionMask = 2147483647;
			files = (
				68015A421CBD063E0033AC41 /* LaunchScreen.storyboard in Resources */,
				68015A3F1CBD063E0033AC41 /* Assets.xcassets in Resources */,
				68015A3D1CBD063E0033AC41 /* Main.storyboard in Resources */,
			);
			runOnlyForDeploymentPostprocessing = 0;
		};
		68015A461CBD063F0033AC41 /* Resources */ = {
			isa = PBXResourcesBuildPhase;
			buildActionMask = 2147483647;
			files = (
			);
			runOnlyForDeploymentPostprocessing = 0;
		};
		68015A511CBD063F0033AC41 /* Resources */ = {
			isa = PBXResourcesBuildPhase;
			buildActionMask = 2147483647;
			files = (
			);
			runOnlyForDeploymentPostprocessing = 0;
		};
/* End PBXResourcesBuildPhase section */

/* Begin PBXSourcesBuildPhase section */
		68015A301CBD063E0033AC41 /* Sources */ = {
			isa = PBXSourcesBuildPhase;
			buildActionMask = 2147483647;
			files = (
				68015A3A1CBD063E0033AC41 /* ViewController.swift in Sources */,
				68015A381CBD063E0033AC41 /* AppDelegate.swift in Sources */,
			);
			runOnlyForDeploymentPostprocessing = 0;
		};
		68015A441CBD063F0033AC41 /* Sources */ = {
			isa = PBXSourcesBuildPhase;
			buildActionMask = 2147483647;
			files = (
				68015A4D1CBD063F0033AC41 /* testingTests.swift in Sources */,
			);
			runOnlyForDeploymentPostprocessing = 0;
		};
		68015A4F1CBD063F0033AC41 /* Sources */ = {
			isa = PBXSourcesBuildPhase;
			buildActionMask = 2147483647;
			files = (
				68015A581CBD063F0033AC41 /* testingUITests.swift in Sources */,
			);
			runOnlyForDeploymentPostprocessing = 0;
		};
/* End PBXSourcesBuildPhase section */

/* Begin PBXTargetDependency section */
		68015A4A1CBD063F0033AC41 /* PBXTargetDependency */ = {
			isa = PBXTargetDependency;
			target = 68015A331CBD063E0033AC41 /* testing */;
			targetProxy = 68015A491CBD063F0033AC41 /* PBXContainerItemProxy */;
		};
		68015A551CBD063F0033AC41 /* PBXTargetDependency */ = {
			isa = PBXTargetDependency;
			target = 68015A331CBD063E0033AC41 /* testing */;
			targetProxy = 68015A541CBD063F0033AC41 /* PBXContainerItemProxy */;
		};
/* End PBXTargetDependency section */

/* Begin PBXVariantGroup section */
		68015A3B1CBD063E0033AC41 /* Main.storyboard */ = {
			isa = PBXVariantGroup;
			children = (
				68015A3C1CBD063E0033AC41 /* Base */,
			);
			name = Main.storyboard;
			sourceTree = "<group>";
		};
		68015A401CBD063E0033AC41 /* LaunchScreen.storyboard */ = {
			isa = PBXVariantGroup;
			children = (
				68015A411CBD063E0033AC41 /* Base */,
			);
			name = LaunchScreen.storyboard;
			sourceTree = "<group>";
		};
/* End PBXVariantGroup section */

/* Begin XCBuildConfiguration section */
		68015A5A1CBD063F0033AC41 /* Debug */ = {
			isa = XCBuildConfiguration;
			buildSettings = {
				ALWAYS_SEARCH_USER_PATHS = NO;
				CLANG_CXX_LANGUAGE_STANDARD = "gnu++0x";
				CLANG_CXX_LIBRARY = "libc++";
				CLANG_ENABLE_MODULES = YES;
				CLANG_ENABLE_OBJC_ARC = YES;
				CLANG_WARN_BOOL_CONVERSION = YES;
				CLANG_WARN_CONSTANT_CONVERSION = YES;
				CLANG_WARN_DIRECT_OBJC_ISA_USAGE = YES_ERROR;
				CLANG_WARN_EMPTY_BODY = YES;
				CLANG_WARN_ENUM_CONVERSION = YES;
				CLANG_WARN_INT_CONVERSION = YES;
				CLANG_WARN_OBJC_ROOT_CLASS = YES_ERROR;
				CLANG_WARN_UNREACHABLE_CODE = YES;
				CLANG_WARN__DUPLICATE_METHOD_MATCH = YES;
				"CODE_SIGN_IDENTITY[sdk=iphoneos*]" = "iPhone Developer";
				COPY_PHASE_STRIP = NO;
				DEBUG_INFORMATION_FORMAT = dwarf;
				ENABLE_STRICT_OBJC_MSGSEND = YES;
				ENABLE_TESTABILITY = YES;
				GCC_C_LANGUAGE_STANDARD = gnu99;
				GCC_DYNAMIC_NO_PIC = NO;
				GCC_NO_COMMON_BLOCKS = YES;
				GCC_OPTIMIZATION_LEVEL = 0;
				GCC_PREPROCESSOR_DEFINITIONS = (
					"DEBUG=1",
					"$(inherited)",
				);
				GCC_WARN_64_TO_32_BIT_CONVERSION = YES;
				GCC_WARN_ABOUT_RETURN_TYPE = YES_ERROR;
				GCC_WARN_UNDECLARED_SELECTOR = YES;
				GCC_WARN_UNINITIALIZED_AUTOS = YES_AGGRESSIVE;
				GCC_WARN_UNUSED_FUNCTION = YES;
				GCC_WARN_UNUSED_VARIABLE = YES;
				IPHONEOS_DEPLOYMENT_TARGET = 9.0;
				MTL_ENABLE_DEBUG_INFO = YES;
				ONLY_ACTIVE_ARCH = YES;
				SDKROOT = iphoneos;
				SWIFT_OPTIMIZATION_LEVEL = "-Onone";
				TARGETED_DEVICE_FAMILY = "1,2";
			};
			name = Debug;
		};
		68015A5B1CBD063F0033AC41 /* Release */ = {
			isa = XCBuildConfiguration;
			buildSettings = {
				ALWAYS_SEARCH_USER_PATHS = NO;
				CLANG_CXX_LANGUAGE_STANDARD = "gnu++0x";
				CLANG_CXX_LIBRARY = "libc++";
				CLANG_ENABLE_MODULES = YES;
				CLANG_ENABLE_OBJC_ARC = YES;
				CLANG_WARN_BOOL_CONVERSION = YES;
				CLANG_WARN_CONSTANT_CONVERSION = YES;
				CLANG_WARN_DIRECT_OBJC_ISA_USAGE = YES_ERROR;
				CLANG_WARN_EMPTY_BODY = YES;
				CLANG_WARN_ENUM_CONVERSION = YES;
				CLANG_WARN_INT_CONVERSION = YES;
				CLANG_WARN_OBJC_ROOT_CLASS = YES_ERROR;
				CLANG_WARN_UNREACHABLE_CODE = YES;
				CLANG_WARN__DUPLICATE_METHOD_MATCH = YES;
				"CODE_SIGN_IDENTITY[sdk=iphoneos*]" = "iPhone Developer";
				COPY_PHASE_STRIP = NO;
				DEBUG_INFORMATION_FORMAT = "dwarf-with-dsym";
				ENABLE_NS_ASSERTIONS = NO;
				ENABLE_STRICT_OBJC_MSGSEND = YES;
				GCC_C_LANGUAGE_STANDARD = gnu99;
				GCC_NO_COMMON_BLOCKS = YES;
				GCC_WARN_64_TO_32_BIT_CONVERSION = YES;
				GCC_WARN_ABOUT_RETURN_TYPE = YES_ERROR;
				GCC_WARN_UNDECLARED_SELECTOR = YES;
				GCC_WARN_UNINITIALIZED_AUTOS = YES_AGGRESSIVE;
				GCC_WARN_UNUSED_FUNCTION = YES;
				GCC_WARN_UNUSED_VARIABLE = YES;
				IPHONEOS_DEPLOYMENT_TARGET = 9.0;
				MTL_ENABLE_DEBUG_INFO = NO;
				SDKROOT = iphoneos;
				TARGETED_DEVICE_FAMILY = "1,2";
				VALIDATE_PRODUCT = YES;
			};
			name = Release;
		};
		68015A5D1CBD063F0033AC41 /* Debug */ = {
			isa = XCBuildConfiguration;
			buildSettings = {
				ASSETCATALOG_COMPILER_APPICON_NAME = AppIcon;
				INFOPLIST_FILE = testing/Info.plist;
				LD_RUNPATH_SEARCH_PATHS = "$(inherited) @executable_path/Frameworks";
				PRODUCT_BUNDLE_IDENTIFIER = blisslogix.testing;
				PRODUCT_NAME = "$(TARGET_NAME)";
			};
			name = Debug;
		};
		68015A5E1CBD063F0033AC41 /* Release */ = {
			isa = XCBuildConfiguration;
			buildSettings = {
				ASSETCATALOG_COMPILER_APPICON_NAME = AppIcon;
				INFOPLIST_FILE = testing/Info.plist;
				LD_RUNPATH_SEARCH_PATHS = "$(inherited) @executable_path/Frameworks";
				PRODUCT_BUNDLE_IDENTIFIER = blisslogix.testing;
				PRODUCT_NAME = "$(TARGET_NAME)";
			};
			name = Release;
		};
		68015A601CBD063F0033AC41 /* Debug */ = {
			isa = XCBuildConfiguration;
			buildSettings = {
				BUNDLE_LOADER = "$(TEST_HOST)";
				INFOPLIST_FILE = testingTests/Info.plist;
				LD_RUNPATH_SEARCH_PATHS = "$(inherited) @executable_path/Frameworks @loader_path/Frameworks";
				PRODUCT_BUNDLE_IDENTIFIER = blisslogix.testingTests;
				PRODUCT_NAME = "$(TARGET_NAME)";
				TEST_HOST = "$(BUILT_PRODUCTS_DIR)/testing.app/testing";
			};
			name = Debug;
		};
		68015A611CBD063F0033AC41 /* Release */ = {
			isa = XCBuildConfiguration;
			buildSettings = {
				BUNDLE_LOADER = "$(TEST_HOST)";
				INFOPLIST_FILE = testingTests/Info.plist;
				LD_RUNPATH_SEARCH_PATHS = "$(inherited) @executable_path/Frameworks @loader_path/Frameworks";
				PRODUCT_BUNDLE_IDENTIFIER = blisslogix.testingTests;
				PRODUCT_NAME = "$(TARGET_NAME)";
				TEST_HOST = "$(BUILT_PRODUCTS_DIR)/testing.app/testing";
			};
			name = Release;
		};
		68015A631CBD063F0033AC41 /* Debug */ = {
			isa = XCBuildConfiguration;
			buildSettings = {
				INFOPLIST_FILE = testingUITests/Info.plist;
				LD_RUNPATH_SEARCH_PATHS = "$(inherited) @executable_path/Frameworks @loader_path/Frameworks";
				PRODUCT_BUNDLE_IDENTIFIER = blisslogix.testingUITests;
				PRODUCT_NAME = "$(TARGET_NAME)";
				TEST_TARGET_NAME = testing;
				USES_XCTRUNNER = YES;
			};
			name = Debug;
		};
		68015A641CBD063F0033AC41 /* Release */ = {
			isa = XCBuildConfiguration;
			buildSettings = {
				INFOPLIST_FILE = testingUITests/Info.plist;
				LD_RUNPATH_SEARCH_PATHS = "$(inherited) @executable_path/Frameworks @loader_path/Frameworks";
				PRODUCT_BUNDLE_IDENTIFIER = blisslogix.testingUITests;
				PRODUCT_NAME = "$(TARGET_NAME)";
				TEST_TARGET_NAME = testing;
				USES_XCTRUNNER = YES;
			};
			name = Release;
		};
/* End XCBuildConfiguration section */

/* Begin XCConfigurationList section */
		68015A2F1CBD063E0033AC41 /* Build configuration list for PBXProject "testing" */ = {
			isa = XCConfigurationList;
			buildConfigurations = (
				68015A5A1CBD063F0033AC41 /* Debug */,
				68015A5B1CBD063F0033AC41 /* Release */,
			);
			defaultConfigurationIsVisible = 0;
			defaultConfigurationName = Release;
		};
		68015A5C1CBD063F0033AC41 /* Build configuration list for PBXNativeTarget "testing" */ = {
			isa = XCConfigurationList;
			buildConfigurations = (
				68015A5D1CBD063F0033AC41 /* Debug */,
				68015A5E1CBD063F0033AC41 /* Release */,
			);
			defaultConfigurationIsVisible = 0;
		};
		68015A5F1CBD063F0033AC41 /* Build configuration list for PBXNativeTarget "testingTests" */ = {
			isa = XCConfigurationList;
			buildConfigurations = (
				68015A601CBD063F0033AC41 /* Debug */,
				68015A611CBD063F0033AC41 /* Release */,
			);
			defaultConfigurationIsVisible = 0;
		};
		68015A621CBD063F0033AC41 /* Build configuration list for PBXNativeTarget "testingUITests" */ = {
			isa = XCConfigurationList;
			buildConfigurations = (
				68015A631CBD063F0033AC41 /* Debug */,
				68015A641CBD063F0033AC41 /* Release */,
			);
			defaultConfigurationIsVisible = 0;
		};
/* End XCConfigurationList section */
	};
	rootObject = 68015A2C1CBD063E0033AC41 /* Project object */;
}
